
Microsoft Visual Studio Solution File, Format Version 12.00
# Visual Studio Version 17
VisualStudioVersion = 17.5.33424.131
MinimumVisualStudioVersion = 10.0.40219.1
Project("{FAE04EC0-301F-11D3-BF4B-00C04F79EFBC}") = "C#Advance", "C#Advance\C#Advance.csproj", "{BC3D624A-8887-4CA7-933C-4FCE09DDABD9}"
EndProject
Project("{FAE04EC0-301F-11D3-BF4B-00C04F79EFBC}") = "ArrayList1", "ArrayList1\ArrayList1.csproj", "{25321724-D735-49F2-97F3-EDCA5D634DE4}"
EndProject
Project("{FAE04EC0-301F-11D3-BF4B-00C04F79EFBC}") = "HasTable1", "BitArray1\HasTable1.csproj", "{6F5A006C-6131-4777-A0AB-CA3E3E537620}"
EndProject
Project("{FAE04EC0-301F-11D3-BF4B-00C04F79EFBC}") = "Queue1", "Queue1\Queue1.csproj", "{9201A6DB-67D7-4A5C-8701-BE20F43B1064}"
EndProject
Project("{FAE04EC0-301F-11D3-BF4B-00C04F79EFBC}") = "SortedList1", "SortedList1\SortedList1.csproj", "{89C46EB8-F4E2-4290-8609-6126EF1D8DAA}"
EndProject
Project("{FAE04EC0-301F-11D3-BF4B-00C04F79EFBC}") = "Stack1", "Stack1\Stack1.csproj", "{DF86D318-E88B-499F-9581-F4AB5A96BFAD}"
EndProject
Project("{FAE04EC0-301F-11D3-BF4B-00C04F79EFBC}") = "GenericCollections1", "GenericCollections1\GenericCollections1.csproj", "{F83DA99F-F6A5-4304-9E60-F6A4A89F91BC}"
EndProject
Project("{FAE04EC0-301F-11D3-BF4B-00C04F79EFBC}") = "GenericCollections2", "GenericCollections2\GenericCollections2.csproj", "{C6B62B28-E3C8-4F16-AA09-68910389A7C1}"
EndProject
Project("{FAE04EC0-301F-11D3-BF4B-00C04F79EFBC}") = "StackGeneric1", "StackGeneric1\StackGeneric1.csproj", "{F259BA26-697B-4A0B-9F97-DACF7A8EB33F}"
EndProject
Project("{FAE04EC0-301F-11D3-BF4B-00C04F79EFBC}") = "QueueGeneric1", "QueueGeneric1\QueueGeneric1.csproj", "{65D5DB01-6B1A-4857-8AFE-4C7C75FC504A}"
EndProject
Project("{FAE04EC0-301F-11D3-BF4B-00C04F79EFBC}") = "GenericSortedSet1", "GenericSortedSet1\GenericSortedSet1.csproj", "{3A25065A-81EA-4686-BBCB-C72E4BE20583}"
EndProject
Project("{FAE04EC0-301F-11D3-BF4B-00C04F79EFBC}") = "GenericObservableCollections1", "GenericObservableCollections1\GenericObservableCollections1.csproj", "{0D281F34-4381-4793-BFE3-DE1F01E6C31A}"
EndProject
Project("{FAE04EC0-301F-11D3-BF4B-00C04F79EFBC}") = "NulleableVarDynamic", "NulleableVarDynamic\NulleableVarDynamic.csproj", "{92A93CDE-153B-4DE5-895B-9F5EA6F36C5D}"
EndProject
Project("{FAE04EC0-301F-11D3-BF4B-00C04F79EFBC}") = "Dynamic1", "Dynamic1\Dynamic1.csproj", "{7BD00189-8DE2-4AA8-B740-9D08D5793EE5}"
EndProject
Global
	GlobalSection(SolutionConfigurationPlatforms) = preSolution
		Debug|Any CPU = Debug|Any CPU
		Release|Any CPU = Release|Any CPU
	EndGlobalSection
	GlobalSection(ProjectConfigurationPlatforms) = postSolution
		{BC3D624A-8887-4CA7-933C-4FCE09DDABD9}.Debug|Any CPU.ActiveCfg = Debug|Any CPU
		{BC3D624A-8887-4CA7-933C-4FCE09DDABD9}.Debug|Any CPU.Build.0 = Debug|Any CPU
		{BC3D624A-8887-4CA7-933C-4FCE09DDABD9}.Release|Any CPU.ActiveCfg = Release|Any CPU
		{BC3D624A-8887-4CA7-933C-4FCE09DDABD9}.Release|Any CPU.Build.0 = Release|Any CPU
		{25321724-D735-49F2-97F3-EDCA5D634DE4}.Debug|Any CPU.ActiveCfg = Debug|Any CPU
		{25321724-D735-49F2-97F3-EDCA5D634DE4}.Debug|Any CPU.Build.0 = Debug|Any CPU
		{25321724-D735-49F2-97F3-EDCA5D634DE4}.Release|Any CPU.ActiveCfg = Release|Any CPU
		{25321724-D735-49F2-97F3-EDCA5D634DE4}.Release|Any CPU.Build.0 = Release|Any CPU
		{6F5A006C-6131-4777-A0AB-CA3E3E537620}.Debug|Any CPU.ActiveCfg = Debug|Any CPU
		{6F5A006C-6131-4777-A0AB-CA3E3E537620}.Debug|Any CPU.Build.0 = Debug|Any CPU
		{6F5A006C-6131-4777-A0AB-CA3E3E537620}.Release|Any CPU.ActiveCfg = Release|Any CPU
		{6F5A006C-6131-4777-A0AB-CA3E3E537620}.Release|Any CPU.Build.0 = Release|Any CPU
		{9201A6DB-67D7-4A5C-8701-BE20F43B1064}.Debug|Any CPU.ActiveCfg = Debug|Any CPU
		{9201A6DB-67D7-4A5C-8701-BE20F43B1064}.Debug|Any CPU.Build.0 = Debug|Any CPU
		{9201A6DB-67D7-4A5C-8701-BE20F43B1064}.Release|Any CPU.ActiveCfg = Release|Any CPU
		{9201A6DB-67D7-4A5C-8701-BE20F43B1064}.Release|Any CPU.Build.0 = Release|Any CPU
		{89C46EB8-F4E2-4290-8609-6126EF1D8DAA}.Debug|Any CPU.ActiveCfg = Debug|Any CPU
		{89C46EB8-F4E2-4290-8609-6126EF1D8DAA}.Debug|Any CPU.Build.0 = Debug|Any CPU
		{89C46EB8-F4E2-4290-8609-6126EF1D8DAA}.Release|Any CPU.ActiveCfg = Release|Any CPU
		{89C46EB8-F4E2-4290-8609-6126EF1D8DAA}.Release|Any CPU.Build.0 = Release|Any CPU
		{DF86D318-E88B-499F-9581-F4AB5A96BFAD}.Debug|Any CPU.ActiveCfg = Debug|Any CPU
		{DF86D318-E88B-499F-9581-F4AB5A96BFAD}.Debug|Any CPU.Build.0 = Debug|Any CPU
		{DF86D318-E88B-499F-9581-F4AB5A96BFAD}.Release|Any CPU.ActiveCfg = Release|Any CPU
		{DF86D318-E88B-499F-9581-F4AB5A96BFAD}.Release|Any CPU.Build.0 = Release|Any CPU
		{F83DA99F-F6A5-4304-9E60-F6A4A89F91BC}.Debug|Any CPU.ActiveCfg = Debug|Any CPU
		{F83DA99F-F6A5-4304-9E60-F6A4A89F91BC}.Debug|Any CPU.Build.0 = Debug|Any CPU
		{F83DA99F-F6A5-4304-9E60-F6A4A89F91BC}.Release|Any CPU.ActiveCfg = Release|Any CPU
		{F83DA99F-F6A5-4304-9E60-F6A4A89F91BC}.Release|Any CPU.Build.0 = Release|Any CPU
		{C6B62B28-E3C8-4F16-AA09-68910389A7C1}.Debug|Any CPU.ActiveCfg = Debug|Any CPU
		{C6B62B28-E3C8-4F16-AA09-68910389A7C1}.Debug|Any CPU.Build.0 = Debug|Any CPU
		{C6B62B28-E3C8-4F16-AA09-68910389A7C1}.Release|Any CPU.ActiveCfg = Release|Any CPU
		{C6B62B28-E3C8-4F16-AA09-68910389A7C1}.Release|Any CPU.Build.0 = Release|Any CPU
		{F259BA26-697B-4A0B-9F97-DACF7A8EB33F}.Debug|Any CPU.ActiveCfg = Debug|Any CPU
		{F259BA26-697B-4A0B-9F97-DACF7A8EB33F}.Debug|Any CPU.Build.0 = Debug|Any CPU
		{F259BA26-697B-4A0B-9F97-DACF7A8EB33F}.Release|Any CPU.ActiveCfg = Release|Any CPU
		{F259BA26-697B-4A0B-9F97-DACF7A8EB33F}.Release|Any CPU.Build.0 = Release|Any CPU
		{65D5DB01-6B1A-4857-8AFE-4C7C75FC504A}.Debug|Any CPU.ActiveCfg = Debug|Any CPU
		{65D5DB01-6B1A-4857-8AFE-4C7C75FC504A}.Debug|Any CPU.Build.0 = Debug|Any CPU
		{65D5DB01-6B1A-4857-8AFE-4C7C75FC504A}.Release|Any CPU.ActiveCfg = Release|Any CPU
		{65D5DB01-6B1A-4857-8AFE-4C7C75FC504A}.Release|Any CPU.Build.0 = Release|Any CPU
		{3A25065A-81EA-4686-BBCB-C72E4BE20583}.Debug|Any CPU.ActiveCfg = Debug|Any CPU
		{3A25065A-81EA-4686-BBCB-C72E4BE20583}.Debug|Any CPU.Build.0 = Debug|Any CPU
		{3A25065A-81EA-4686-BBCB-C72E4BE20583}.Release|Any CPU.ActiveCfg = Release|Any CPU
		{3A25065A-81EA-4686-BBCB-C72E4BE20583}.Release|Any CPU.Build.0 = Release|Any CPU
		{0D281F34-4381-4793-BFE3-DE1F01E6C31A}.Debug|Any CPU.ActiveCfg = Debug|Any CPU
		{0D281F34-4381-4793-BFE3-DE1F01E6C31A}.Debug|Any CPU.Build.0 = Debug|Any CPU
		{0D281F34-4381-4793-BFE3-DE1F01E6C31A}.Release|Any CPU.ActiveCfg = Release|Any CPU
		{0D281F34-4381-4793-BFE3-DE1F01E6C31A}.Release|Any CPU.Build.0 = Release|Any CPU
		{92A93CDE-153B-4DE5-895B-9F5EA6F36C5D}.Debug|Any CPU.ActiveCfg = Debug|Any CPU
		{92A93CDE-153B-4DE5-895B-9F5EA6F36C5D}.Debug|Any CPU.Build.0 = Debug|Any CPU
		{92A93CDE-153B-4DE5-895B-9F5EA6F36C5D}.Release|Any CPU.ActiveCfg = Release|Any CPU
		{92A93CDE-153B-4DE5-895B-9F5EA6F36C5D}.Release|Any CPU.Build.0 = Release|Any CPU
		{7BD00189-8DE2-4AA8-B740-9D08D5793EE5}.Debug|Any CPU.ActiveCfg = Debug|Any CPU
		{7BD00189-8DE2-4AA8-B740-9D08D5793EE5}.Debug|Any CPU.Build.0 = Debug|Any CPU
		{7BD00189-8DE2-4AA8-B740-9D08D5793EE5}.Release|Any CPU.ActiveCfg = Release|Any CPU
		{7BD00189-8DE2-4AA8-B740-9D08D5793EE5}.Release|Any CPU.Build.0 = Release|Any CPU
	EndGlobalSection
	GlobalSection(SolutionProperties) = preSolution
		HideSolutionNode = FALSE
	EndGlobalSection
	GlobalSection(ExtensibilityGlobals) = postSolution
		SolutionGuid = {6C0A8303-B626-491C-BC48-439AEBF4D5D0}
	EndGlobalSection
EndGlobal
